{
  "requires": true,
  "lockfileVersion": 1,
  "dependencies": {
    "js-base64": {
      "version": "3.2.4",
      "resolved": "https://registry.npmjs.org/js-base64/-/js-base64-3.2.4.tgz",
      "integrity": "sha512-WFh/G3UxDU/3gWsJPtT1Ee8smRd9d6Z9k1/1aIg5ajGdYUeZg+ZRFTY6LxBqNArU3qjHKhrxu1pjr921DILu3w=="
    }
  }
}
